{
  "name": "exam-api",
  "version": "0.1.0",
  "lockfileVersion": 1,
  "requires": true,
  "dependencies": {
    "babel-eslint": {
      "version": "8.0.0",
      "resolved": "https://registry.npmjs.org/babel-eslint/-/babel-eslint-8.0.0.tgz",
      "integrity": "sha512-tN1B3adZ3tw8pr9oGsZ18iKCbdKBSvsn9ab6cGdbED+61LpGLhIVcf76eh59XejbdRLTBe+OYezxmYIaTgPiYA==",
      "dev": true,
      "dependencies": {
        "ansi-styles": {
          "version": "3.2.0",
          "resolved": "https://registry.npmjs.org/ansi-styles/-/ansi-styles-3.2.0.tgz",
          "integrity": "sha512-NnSOmMEYtVR2JVMIGTzynRkkaxtiq1xnFBcdQD/DnNCYPoEPsVJhM98BDyaoNOQIi7p4okdi3E27eN7GQbsUug=="
        },
        "babel-code-frame": {
          "version": "7.0.0-beta.0",
          "resolved": "https://registry.npmjs.org/babel-code-frame/-/babel-code-frame-7.0.0-beta.0.tgz",
          "integrity": "sha512-/xr1ADm5bnTjjN+xwoXb7lF4v2rnxMzNZzFU7h8SxB+qB6+IqSTOOqVcpaPTUC2Non/MbQxS3OIZnJpQ2X21aQ=="
        },
        "chalk": {
          "version": "2.1.0",
          "resolved": "https://registry.npmjs.org/chalk/-/chalk-2.1.0.tgz",
          "integrity": "sha512-LUHGS/dge4ujbXMJrnihYMcL4AoOweGnw9Tp3kQuqy1Kx5c1qKjqvMJZ6nVJPMWJtKCTN72ZogH3oeSO9g9rXQ=="
        },
        "supports-color": {
          "version": "4.4.0",
          "resolved": "https://registry.npmjs.org/supports-color/-/supports-color-4.4.0.tgz",
          "integrity": "sha512-rKC3+DyXWgK0ZLKwmRsrkyHVZAjNkfzeehuFWdGGcqGDTZFH73+RH6S/RDAAxl9GusSjZSUWYLmT9N5pzXFOXQ=="
        }
      }
    },
    "bluebird": {
      "version": "3.5.0",
      "resolved": "https://registry.npmjs.org/bluebird/-/bluebird-3.5.0.tgz",
      "integrity": "sha1-eRQg1/VR7qKJdFOop3ZT+WYG1nw="
    },
    "body-parser": {
      "version": "1.18.1",
      "resolved": "https://registry.npmjs.org/body-parser/-/body-parser-1.18.1.tgz",
      "integrity": "sha512-KL2pZpGvy6xuZHgYUznB1Zfw4AoGMApfRanT5NafeLvglbaSM+4CCtmlyYOv66oYXqvKL1xpaFb94V/AZVUnYg=="
    },
    "cors": {
      "version": "2.8.4",
      "resolved": "https://registry.npmjs.org/cors/-/cors-2.8.4.tgz",
      "integrity": "sha1-K9OB8usgECAQXNUOpZ2mMJBpRoY="
    },
    "eslint": {
      "version": "3.19.0",
      "resolved": "https://registry.npmjs.org/eslint/-/eslint-3.19.0.tgz",
      "integrity": "sha1-yPxiAcf0DdCJQbh8CFdnOGpnmsw=",
      "dev": true
    },
    "eslint-config-airbnb": {
      "version": "13.0.0",
      "resolved": "https://registry.npmjs.org/eslint-config-airbnb/-/eslint-config-airbnb-13.0.0.tgz",
      "integrity": "sha1-aI0V08J2wMdTrlOMkqRDl9dq5G4=",
      "dev": true
    },
    "eslint-plugin-import": {
      "version": "2.7.0",
      "resolved": "https://registry.npmjs.org/eslint-plugin-import/-/eslint-plugin-import-2.7.0.tgz",
      "integrity": "sha512-HGYmpU9f/zJaQiKNQOVfHUh2oLWW3STBrCgH0sHTX1xtsxYlH1zjLh8FlQGEIdZSdTbUMaV36WaZ6ImXkenGxQ==",
      "dev": true,
      "dependencies": {
        "doctrine": {
          "version": "1.5.0",
          "resolved": "https://registry.npmjs.org/doctrine/-/doctrine-1.5.0.tgz",
          "integrity": "sha1-N53Ocw9hZvds76TmcHoVmwLFpvo="
        }
      }
    },
    "eslint-plugin-jsx-a11y": {
      "version": "2.2.3",
      "resolved": "https://registry.npmjs.org/eslint-plugin-jsx-a11y/-/eslint-plugin-jsx-a11y-2.2.3.tgz",
      "integrity": "sha1-TjXLcbin23AqxBXIBuuOjZ6mxl0=",
      "dev": true
    },
    "eslint-plugin-react": {
      "version": "6.10.3",
      "resolved": "https://registry.npmjs.org/eslint-plugin-react/-/eslint-plugin-react-6.10.3.tgz",
      "integrity": "sha1-xUNb6wZ3ThLH2y9qut3L+QDNP3g=",
      "dev": true,
      "dependencies": {
        "doctrine": {
          "version": "1.5.0",
          "resolved": "https://registry.npmjs.org/doctrine/-/doctrine-1.5.0.tgz",
          "integrity": "sha1-N53Ocw9hZvds76TmcHoVmwLFpvo="
        }
      }
    },
    "express": {
      "version": "4.15.4",
      "resolved": "https://registry.npmjs.org/express/-/express-4.15.4.tgz",
      "integrity": "sha1-Ay4iU0ic+PzgJma+yj0R7XotrtE=",
      "dependencies": {
        "qs": {
          "version": "6.5.0",
          "resolved": "https://registry.npmjs.org/qs/-/qs-6.5.0.tgz",
          "integrity": "sha512-fjVFjW9yhqMhVGwRExCXLhJKrLlkYSaxNWdyc9rmHlrVZbk35YHH312dFd7191uQeXkI3mKLZTIbSvIeFwFemg=="
        }
      }
    },
    "helmet": {
      "version": "3.8.1",
      "resolved": "https://registry.npmjs.org/helmet/-/helmet-3.8.1.tgz",
      "integrity": "sha512-HzcpQ74kE1gNFvTd8fI/Nz2N0b0Aa/38dSiSVt/ijkwjc50tUp5siXTE9lTBibQ4JlRzp/35Qf+j2bZgHYwg1g=="
    },
    "mongoose": {
      "version": "4.11.12",
      "resolved": "https://registry.npmjs.org/mongoose/-/mongoose-4.11.12.tgz",
      "integrity": "sha512-41odmaImJVAoY/qg6gZ1Dn60qvFHIny01c7N58OlNPHBifzT6qWuiArtev7OYYE1ssPY7YvoX1hCbvZEUZfPnQ=="
    },
    "mongoose-simple-random": {
      "version": "0.4.1",
      "resolved": "https://registry.npmjs.org/mongoose-simple-random/-/mongoose-simple-random-0.4.1.tgz",
      "integrity": "sha1-CQVNhVWCZzAgmnQFsdc8tKj5GqM="
    },
    "morgan": {
      "version": "1.8.2",
      "resolved": "https://registry.npmjs.org/morgan/-/morgan-1.8.2.tgz",
      "integrity": "sha1-eErHc05KRTqcbm6GgKkyknXItoc="
    },
    "nodemon": {
      "version": "1.12.1",
      "resolved": "https://registry.npmjs.org/nodemon/-/nodemon-1.12.1.tgz",
      "integrity": "sha1-mWpW3EnZ8Wu/G3ik3gjxNjSzh40=",
      "dev": true,
      "dependencies": {
        "es6-promise": {
          "version": "3.3.1",
          "resolved": "https://registry.npmjs.org/es6-promise/-/es6-promise-3.3.1.tgz",
          "integrity": "sha1-oIzd6EzNvzTQJ6FFG8kdS80ophM="
        }
      }
    }
  }
}
